
Microsoft Visual Studio Solution File, Format Version 10.00
# Visual Studio 2008
Project("{FAE04EC0-301F-11D3-BF4B-00C04F79EFBC}") = "euler011csharp", "euler011csharp\euler011csharp.csproj", "{293EDF26-23AB-4B43-B918-2A8CE7243984}"
EndProject
Global
	GlobalSection(SolutionConfigurationPlatforms) = preSolution
		Debug|Any CPU = Debug|Any CPU
		Release|Any CPU = Release|Any CPU
	EndGlobalSection
	GlobalSection(ProjectConfigurationPlatforms) = postSolution
		{293EDF26-23AB-4B43-B918-2A8CE7243984}.Debug|Any CPU.ActiveCfg = Debug|Any CPU
		{293EDF26-23AB-4B43-B918-2A8CE7243984}.Debug|Any CPU.Build.0 = Debug|Any CPU
		{293EDF26-23AB-4B43-B918-2A8CE7243984}.Release|Any CPU.ActiveCfg = Release|Any CPU
		{293EDF26-23AB-4B43-B918-2A8CE7243984}.Release|Any CPU.Build.0 = Release|Any CPU
	EndGlobalSection
	GlobalSection(SolutionProperties) = preSolution
		HideSolutionNode = FALSE
	EndGlobalSection
EndGlobal
