
Microsoft Visual Studio Solution File, Format Version 10.00
# Visual Studio 2008
Project("{FAE04EC0-301F-11D3-BF4B-00C04F79EFBC}") = "euler053csharp", "euler053csharp\euler053csharp.csproj", "{280DBDC2-E5D4-4775-A67A-D77E910D422D}"
EndProject
Global
	GlobalSection(SolutionConfigurationPlatforms) = preSolution
		Debug|Any CPU = Debug|Any CPU
		Release|Any CPU = Release|Any CPU
	EndGlobalSection
	GlobalSection(ProjectConfigurationPlatforms) = postSolution
		{280DBDC2-E5D4-4775-A67A-D77E910D422D}.Debug|Any CPU.ActiveCfg = Debug|Any CPU
		{280DBDC2-E5D4-4775-A67A-D77E910D422D}.Debug|Any CPU.Build.0 = Debug|Any CPU
		{280DBDC2-E5D4-4775-A67A-D77E910D422D}.Release|Any CPU.ActiveCfg = Release|Any CPU
		{280DBDC2-E5D4-4775-A67A-D77E910D422D}.Release|Any CPU.Build.0 = Release|Any CPU
	EndGlobalSection
	GlobalSection(SolutionProperties) = preSolution
		HideSolutionNode = FALSE
	EndGlobalSection
EndGlobal
