
Microsoft Visual Studio Solution File, Format Version 10.00
# Visual Studio 2008
Project("{FAE04EC0-301F-11D3-BF4B-00C04F79EFBC}") = "euler050csharp", "euler050csharp\euler050csharp.csproj", "{3AAB39A7-F207-4C86-8A10-FF4E38E1399C}"
EndProject
Global
	GlobalSection(SolutionConfigurationPlatforms) = preSolution
		Debug|Any CPU = Debug|Any CPU
		Release|Any CPU = Release|Any CPU
	EndGlobalSection
	GlobalSection(ProjectConfigurationPlatforms) = postSolution
		{3AAB39A7-F207-4C86-8A10-FF4E38E1399C}.Debug|Any CPU.ActiveCfg = Debug|Any CPU
		{3AAB39A7-F207-4C86-8A10-FF4E38E1399C}.Debug|Any CPU.Build.0 = Debug|Any CPU
		{3AAB39A7-F207-4C86-8A10-FF4E38E1399C}.Release|Any CPU.ActiveCfg = Release|Any CPU
		{3AAB39A7-F207-4C86-8A10-FF4E38E1399C}.Release|Any CPU.Build.0 = Release|Any CPU
	EndGlobalSection
	GlobalSection(SolutionProperties) = preSolution
		HideSolutionNode = FALSE
	EndGlobalSection
EndGlobal
