
Microsoft Visual Studio Solution File, Format Version 10.00
# Visual Studio 2008
Project("{FAE04EC0-301F-11D3-BF4B-00C04F79EFBC}") = "euler001csharp", "euler001csharp\euler001csharp.csproj", "{6E4215C2-FB29-4A59-88D7-4CCDD98553F5}"
EndProject
Project("{F2A71F9B-5D33-465A-A702-920D77279786}") = "euler001fsharp", "euler001fsharp\euler001fsharp.fsproj", "{68DF44D6-7598-45B1-865F-39258F0E34BC}"
EndProject
Global
	GlobalSection(SolutionConfigurationPlatforms) = preSolution
		Debug|Any CPU = Debug|Any CPU
		Release|Any CPU = Release|Any CPU
	EndGlobalSection
	GlobalSection(ProjectConfigurationPlatforms) = postSolution
		{6E4215C2-FB29-4A59-88D7-4CCDD98553F5}.Debug|Any CPU.ActiveCfg = Debug|Any CPU
		{6E4215C2-FB29-4A59-88D7-4CCDD98553F5}.Debug|Any CPU.Build.0 = Debug|Any CPU
		{6E4215C2-FB29-4A59-88D7-4CCDD98553F5}.Release|Any CPU.ActiveCfg = Release|Any CPU
		{6E4215C2-FB29-4A59-88D7-4CCDD98553F5}.Release|Any CPU.Build.0 = Release|Any CPU
		{68DF44D6-7598-45B1-865F-39258F0E34BC}.Debug|Any CPU.ActiveCfg = Debug|Any CPU
		{68DF44D6-7598-45B1-865F-39258F0E34BC}.Debug|Any CPU.Build.0 = Debug|Any CPU
		{68DF44D6-7598-45B1-865F-39258F0E34BC}.Release|Any CPU.ActiveCfg = Release|Any CPU
		{68DF44D6-7598-45B1-865F-39258F0E34BC}.Release|Any CPU.Build.0 = Release|Any CPU
	EndGlobalSection
	GlobalSection(SolutionProperties) = preSolution
		HideSolutionNode = FALSE
	EndGlobalSection
EndGlobal
