
Microsoft Visual Studio Solution File, Format Version 10.00
# Visual Studio 2008
Project("{FAE04EC0-301F-11D3-BF4B-00C04F79EFBC}") = "euler115csharp", "euler115csharp\euler115csharp.csproj", "{867DCE63-EFF1-483B-A66F-44B0DE929B0E}"
EndProject
Global
	GlobalSection(SolutionConfigurationPlatforms) = preSolution
		Debug|Any CPU = Debug|Any CPU
		Release|Any CPU = Release|Any CPU
	EndGlobalSection
	GlobalSection(ProjectConfigurationPlatforms) = postSolution
		{867DCE63-EFF1-483B-A66F-44B0DE929B0E}.Debug|Any CPU.ActiveCfg = Debug|Any CPU
		{867DCE63-EFF1-483B-A66F-44B0DE929B0E}.Debug|Any CPU.Build.0 = Debug|Any CPU
		{867DCE63-EFF1-483B-A66F-44B0DE929B0E}.Release|Any CPU.ActiveCfg = Release|Any CPU
		{867DCE63-EFF1-483B-A66F-44B0DE929B0E}.Release|Any CPU.Build.0 = Release|Any CPU
	EndGlobalSection
	GlobalSection(SolutionProperties) = preSolution
		HideSolutionNode = FALSE
	EndGlobalSection
EndGlobal
