
Microsoft Visual Studio Solution File, Format Version 10.00
# Visual Studio 2008
Project("{FAE04EC0-301F-11D3-BF4B-00C04F79EFBC}") = "euler094csharp", "euler094csharp\euler094csharp.csproj", "{74AFAE04-96A8-4C30-9B1B-0D0167969C75}"
EndProject
Global
	GlobalSection(SolutionConfigurationPlatforms) = preSolution
		Debug|Any CPU = Debug|Any CPU
		Release|Any CPU = Release|Any CPU
	EndGlobalSection
	GlobalSection(ProjectConfigurationPlatforms) = postSolution
		{74AFAE04-96A8-4C30-9B1B-0D0167969C75}.Debug|Any CPU.ActiveCfg = Debug|Any CPU
		{74AFAE04-96A8-4C30-9B1B-0D0167969C75}.Debug|Any CPU.Build.0 = Debug|Any CPU
		{74AFAE04-96A8-4C30-9B1B-0D0167969C75}.Release|Any CPU.ActiveCfg = Release|Any CPU
		{74AFAE04-96A8-4C30-9B1B-0D0167969C75}.Release|Any CPU.Build.0 = Release|Any CPU
	EndGlobalSection
	GlobalSection(SolutionProperties) = preSolution
		HideSolutionNode = FALSE
	EndGlobalSection
EndGlobal
