
Microsoft Visual Studio Solution File, Format Version 10.00
# Visual Studio 2008
Project("{FAE04EC0-301F-11D3-BF4B-00C04F79EFBC}") = "euler081csharp", "euler081csharp\euler081csharp.csproj", "{F8FD971C-9760-4DE9-A9A5-04FF850B3094}"
EndProject
Global
	GlobalSection(SolutionConfigurationPlatforms) = preSolution
		Debug|Any CPU = Debug|Any CPU
		Release|Any CPU = Release|Any CPU
	EndGlobalSection
	GlobalSection(ProjectConfigurationPlatforms) = postSolution
		{F8FD971C-9760-4DE9-A9A5-04FF850B3094}.Debug|Any CPU.ActiveCfg = Debug|Any CPU
		{F8FD971C-9760-4DE9-A9A5-04FF850B3094}.Debug|Any CPU.Build.0 = Debug|Any CPU
		{F8FD971C-9760-4DE9-A9A5-04FF850B3094}.Release|Any CPU.ActiveCfg = Release|Any CPU
		{F8FD971C-9760-4DE9-A9A5-04FF850B3094}.Release|Any CPU.Build.0 = Release|Any CPU
	EndGlobalSection
	GlobalSection(SolutionProperties) = preSolution
		HideSolutionNode = FALSE
	EndGlobalSection
EndGlobal
