
Microsoft Visual Studio Solution File, Format Version 10.00
# Visual Studio 2008
Project("{FAE04EC0-301F-11D3-BF4B-00C04F79EFBC}") = "euler109csharp", "euler109csharp\euler109csharp.csproj", "{ADAE6304-98AF-45E5-B9A3-22B52CADCE50}"
EndProject
Global
	GlobalSection(SolutionConfigurationPlatforms) = preSolution
		Debug|Any CPU = Debug|Any CPU
		Release|Any CPU = Release|Any CPU
	EndGlobalSection
	GlobalSection(ProjectConfigurationPlatforms) = postSolution
		{ADAE6304-98AF-45E5-B9A3-22B52CADCE50}.Debug|Any CPU.ActiveCfg = Debug|Any CPU
		{ADAE6304-98AF-45E5-B9A3-22B52CADCE50}.Debug|Any CPU.Build.0 = Debug|Any CPU
		{ADAE6304-98AF-45E5-B9A3-22B52CADCE50}.Release|Any CPU.ActiveCfg = Release|Any CPU
		{ADAE6304-98AF-45E5-B9A3-22B52CADCE50}.Release|Any CPU.Build.0 = Release|Any CPU
	EndGlobalSection
	GlobalSection(SolutionProperties) = preSolution
		HideSolutionNode = FALSE
	EndGlobalSection
EndGlobal
