
Microsoft Visual Studio Solution File, Format Version 10.00
# Visual Studio 2008
Project("{FAE04EC0-301F-11D3-BF4B-00C04F79EFBC}") = "euler034csharp", "euler034csharp\euler034csharp.csproj", "{69978C79-841D-452C-B8B0-43EEAAD8CA5E}"
EndProject
Global
	GlobalSection(SolutionConfigurationPlatforms) = preSolution
		Debug|Any CPU = Debug|Any CPU
		Release|Any CPU = Release|Any CPU
	EndGlobalSection
	GlobalSection(ProjectConfigurationPlatforms) = postSolution
		{69978C79-841D-452C-B8B0-43EEAAD8CA5E}.Debug|Any CPU.ActiveCfg = Debug|Any CPU
		{69978C79-841D-452C-B8B0-43EEAAD8CA5E}.Debug|Any CPU.Build.0 = Debug|Any CPU
		{69978C79-841D-452C-B8B0-43EEAAD8CA5E}.Release|Any CPU.ActiveCfg = Release|Any CPU
		{69978C79-841D-452C-B8B0-43EEAAD8CA5E}.Release|Any CPU.Build.0 = Release|Any CPU
	EndGlobalSection
	GlobalSection(SolutionProperties) = preSolution
		HideSolutionNode = FALSE
	EndGlobalSection
EndGlobal
