
Microsoft Visual Studio Solution File, Format Version 10.00
# Visual Studio 2008
Project("{FAE04EC0-301F-11D3-BF4B-00C04F79EFBC}") = "euler039csharp", "euler039csharp\euler039csharp.csproj", "{B7290701-8806-45B8-95C3-575FBE99BBD7}"
EndProject
Global
	GlobalSection(SolutionConfigurationPlatforms) = preSolution
		Debug|Any CPU = Debug|Any CPU
		Release|Any CPU = Release|Any CPU
	EndGlobalSection
	GlobalSection(ProjectConfigurationPlatforms) = postSolution
		{B7290701-8806-45B8-95C3-575FBE99BBD7}.Debug|Any CPU.ActiveCfg = Debug|Any CPU
		{B7290701-8806-45B8-95C3-575FBE99BBD7}.Debug|Any CPU.Build.0 = Debug|Any CPU
		{B7290701-8806-45B8-95C3-575FBE99BBD7}.Release|Any CPU.ActiveCfg = Release|Any CPU
		{B7290701-8806-45B8-95C3-575FBE99BBD7}.Release|Any CPU.Build.0 = Release|Any CPU
	EndGlobalSection
	GlobalSection(SolutionProperties) = preSolution
		HideSolutionNode = FALSE
	EndGlobalSection
EndGlobal
