
Microsoft Visual Studio Solution File, Format Version 10.00
# Visual Studio 2008
Project("{FAE04EC0-301F-11D3-BF4B-00C04F79EFBC}") = "euler105csharp", "euler105csharp\euler105csharp.csproj", "{1301575C-3E5F-438C-81C1-A81E2971B4F7}"
EndProject
Global
	GlobalSection(SolutionConfigurationPlatforms) = preSolution
		Debug|Any CPU = Debug|Any CPU
		Release|Any CPU = Release|Any CPU
	EndGlobalSection
	GlobalSection(ProjectConfigurationPlatforms) = postSolution
		{1301575C-3E5F-438C-81C1-A81E2971B4F7}.Debug|Any CPU.ActiveCfg = Debug|Any CPU
		{1301575C-3E5F-438C-81C1-A81E2971B4F7}.Debug|Any CPU.Build.0 = Debug|Any CPU
		{1301575C-3E5F-438C-81C1-A81E2971B4F7}.Release|Any CPU.ActiveCfg = Release|Any CPU
		{1301575C-3E5F-438C-81C1-A81E2971B4F7}.Release|Any CPU.Build.0 = Release|Any CPU
	EndGlobalSection
	GlobalSection(SolutionProperties) = preSolution
		HideSolutionNode = FALSE
	EndGlobalSection
EndGlobal
