
Microsoft Visual Studio Solution File, Format Version 10.00
# Visual Studio 2008
Project("{FAE04EC0-301F-11D3-BF4B-00C04F79EFBC}") = "euler106csharp", "euler106csharp\euler106csharp.csproj", "{F1E84EC0-7412-4C03-8AF4-309B488F32C8}"
EndProject
Global
	GlobalSection(SolutionConfigurationPlatforms) = preSolution
		Debug|Any CPU = Debug|Any CPU
		Release|Any CPU = Release|Any CPU
	EndGlobalSection
	GlobalSection(ProjectConfigurationPlatforms) = postSolution
		{F1E84EC0-7412-4C03-8AF4-309B488F32C8}.Debug|Any CPU.ActiveCfg = Debug|Any CPU
		{F1E84EC0-7412-4C03-8AF4-309B488F32C8}.Debug|Any CPU.Build.0 = Debug|Any CPU
		{F1E84EC0-7412-4C03-8AF4-309B488F32C8}.Release|Any CPU.ActiveCfg = Release|Any CPU
		{F1E84EC0-7412-4C03-8AF4-309B488F32C8}.Release|Any CPU.Build.0 = Release|Any CPU
	EndGlobalSection
	GlobalSection(SolutionProperties) = preSolution
		HideSolutionNode = FALSE
	EndGlobalSection
EndGlobal
