
Microsoft Visual Studio Solution File, Format Version 10.00
# Visual Studio 2008
Project("{FAE04EC0-301F-11D3-BF4B-00C04F79EFBC}") = "euler010csharp", "euler010csharp\euler010csharp.csproj", "{E32A8F3C-1F7D-4AC0-82A1-5894505E3FDE}"
EndProject
Global
	GlobalSection(SolutionConfigurationPlatforms) = preSolution
		Debug|Any CPU = Debug|Any CPU
		Release|Any CPU = Release|Any CPU
	EndGlobalSection
	GlobalSection(ProjectConfigurationPlatforms) = postSolution
		{E32A8F3C-1F7D-4AC0-82A1-5894505E3FDE}.Debug|Any CPU.ActiveCfg = Debug|Any CPU
		{E32A8F3C-1F7D-4AC0-82A1-5894505E3FDE}.Debug|Any CPU.Build.0 = Debug|Any CPU
		{E32A8F3C-1F7D-4AC0-82A1-5894505E3FDE}.Release|Any CPU.ActiveCfg = Release|Any CPU
		{E32A8F3C-1F7D-4AC0-82A1-5894505E3FDE}.Release|Any CPU.Build.0 = Release|Any CPU
	EndGlobalSection
	GlobalSection(SolutionProperties) = preSolution
		HideSolutionNode = FALSE
	EndGlobalSection
EndGlobal
