
Microsoft Visual Studio Solution File, Format Version 10.00
# Visual Studio 2008
Project("{FAE04EC0-301F-11D3-BF4B-00C04F79EFBC}") = "euler070csharp", "euler070csharp\euler070csharp.csproj", "{C176647C-4A8B-41DC-8801-8CDB6F117964}"
EndProject
Global
	GlobalSection(SolutionConfigurationPlatforms) = preSolution
		Debug|Any CPU = Debug|Any CPU
		Release|Any CPU = Release|Any CPU
	EndGlobalSection
	GlobalSection(ProjectConfigurationPlatforms) = postSolution
		{C176647C-4A8B-41DC-8801-8CDB6F117964}.Debug|Any CPU.ActiveCfg = Debug|Any CPU
		{C176647C-4A8B-41DC-8801-8CDB6F117964}.Debug|Any CPU.Build.0 = Debug|Any CPU
		{C176647C-4A8B-41DC-8801-8CDB6F117964}.Release|Any CPU.ActiveCfg = Release|Any CPU
		{C176647C-4A8B-41DC-8801-8CDB6F117964}.Release|Any CPU.Build.0 = Release|Any CPU
	EndGlobalSection
	GlobalSection(SolutionProperties) = preSolution
		HideSolutionNode = FALSE
	EndGlobalSection
EndGlobal
