
Microsoft Visual Studio Solution File, Format Version 10.00
# Visual Studio 2008
Project("{FAE04EC0-301F-11D3-BF4B-00C04F79EFBC}") = "euler056csharp", "euler056csharp\euler056csharp.csproj", "{F28ABB9C-06F3-48B0-847A-38D282E606BA}"
EndProject
Global
	GlobalSection(SolutionConfigurationPlatforms) = preSolution
		Debug|Any CPU = Debug|Any CPU
		Release|Any CPU = Release|Any CPU
	EndGlobalSection
	GlobalSection(ProjectConfigurationPlatforms) = postSolution
		{F28ABB9C-06F3-48B0-847A-38D282E606BA}.Debug|Any CPU.ActiveCfg = Debug|Any CPU
		{F28ABB9C-06F3-48B0-847A-38D282E606BA}.Debug|Any CPU.Build.0 = Debug|Any CPU
		{F28ABB9C-06F3-48B0-847A-38D282E606BA}.Release|Any CPU.ActiveCfg = Release|Any CPU
		{F28ABB9C-06F3-48B0-847A-38D282E606BA}.Release|Any CPU.Build.0 = Release|Any CPU
	EndGlobalSection
	GlobalSection(SolutionProperties) = preSolution
		HideSolutionNode = FALSE
	EndGlobalSection
EndGlobal
