
Microsoft Visual Studio Solution File, Format Version 10.00
# Visual Studio 2008
Project("{FAE04EC0-301F-11D3-BF4B-00C04F79EFBC}") = "euler029csharp", "euler029csharp\euler029csharp.csproj", "{1D0E01A6-E8CD-474E-88DC-E919D21FADDD}"
EndProject
Global
	GlobalSection(SolutionConfigurationPlatforms) = preSolution
		Debug|Any CPU = Debug|Any CPU
		Release|Any CPU = Release|Any CPU
	EndGlobalSection
	GlobalSection(ProjectConfigurationPlatforms) = postSolution
		{1D0E01A6-E8CD-474E-88DC-E919D21FADDD}.Debug|Any CPU.ActiveCfg = Debug|Any CPU
		{1D0E01A6-E8CD-474E-88DC-E919D21FADDD}.Debug|Any CPU.Build.0 = Debug|Any CPU
		{1D0E01A6-E8CD-474E-88DC-E919D21FADDD}.Release|Any CPU.ActiveCfg = Release|Any CPU
		{1D0E01A6-E8CD-474E-88DC-E919D21FADDD}.Release|Any CPU.Build.0 = Release|Any CPU
	EndGlobalSection
	GlobalSection(SolutionProperties) = preSolution
		HideSolutionNode = FALSE
	EndGlobalSection
EndGlobal
